
Microsoft Visual Studio Solution File, Format Version 12.00
# Visual Studio Version 16
VisualStudioVersion = 16.0.31410.357
MinimumVisualStudioVersion = 10.0.40219.1
Project("{FAE04EC0-301F-11D3-BF4B-00C04F79EFBC}") = "Empresa", "Empresa\Empresa.csproj", "{DD0BD80A-9123-4126-9F4D-3A9824EE790E}"
EndProject
Global
	GlobalSection(SolutionConfigurationPlatforms) = preSolution
		Debug|Any CPU = Debug|Any CPU
		Release|Any CPU = Release|Any CPU
	EndGlobalSection
	GlobalSection(ProjectConfigurationPlatforms) = postSolution
		{DD0BD80A-9123-4126-9F4D-3A9824EE790E}.Debug|Any CPU.ActiveCfg = Debug|Any CPU
		{DD0BD80A-9123-4126-9F4D-3A9824EE790E}.Debug|Any CPU.Build.0 = Debug|Any CPU
		{DD0BD80A-9123-4126-9F4D-3A9824EE790E}.Release|Any CPU.ActiveCfg = Release|Any CPU
		{DD0BD80A-9123-4126-9F4D-3A9824EE790E}.Release|Any CPU.Build.0 = Release|Any CPU
	EndGlobalSection
	GlobalSection(SolutionProperties) = preSolution
		HideSolutionNode = FALSE
	EndGlobalSection
	GlobalSection(ExtensibilityGlobals) = postSolution
		SolutionGuid = {2A24335E-F359-4288-A3ED-6D064266588F}
	EndGlobalSection
EndGlobal
